
Microsoft Visual Studio Solution File, Format Version 12.00
# Visual Studio Version 17
VisualStudioVersion = 17.8.34322.80
MinimumVisualStudioVersion = 10.0.40219.1
Project("{FAE04EC0-301F-11D3-BF4B-00C04F79EFBC}") = "HastaneRandevuSistemi", "HastaneRandevuSistemi\HastaneRandevuSistemi.csproj", "{0406CA5E-C8C6-47D2-89BA-6A3EEB120D09}"
EndProject
Global
	GlobalSection(SolutionConfigurationPlatforms) = preSolution
		Debug|Any CPU = Debug|Any CPU
		Release|Any CPU = Release|Any CPU
	EndGlobalSection
	GlobalSection(ProjectConfigurationPlatforms) = postSolution
		{0406CA5E-C8C6-47D2-89BA-6A3EEB120D09}.Debug|Any CPU.ActiveCfg = Debug|Any CPU
		{0406CA5E-C8C6-47D2-89BA-6A3EEB120D09}.Debug|Any CPU.Build.0 = Debug|Any CPU
		{0406CA5E-C8C6-47D2-89BA-6A3EEB120D09}.Release|Any CPU.ActiveCfg = Release|Any CPU
		{0406CA5E-C8C6-47D2-89BA-6A3EEB120D09}.Release|Any CPU.Build.0 = Release|Any CPU
	EndGlobalSection
	GlobalSection(SolutionProperties) = preSolution
		HideSolutionNode = FALSE
	EndGlobalSection
	GlobalSection(ExtensibilityGlobals) = postSolution
		SolutionGuid = {5A6CDDA5-4351-4B52-825D-9909C1C04ED8}
	EndGlobalSection
EndGlobal
